// !$*UTF8*$!
{
	archiveVersion = 1;
	classes = {
	};
	objectVersion = 56;
	objects = {

/* Begin PBXBuildFile section */
		22C586662A865A9300EAE4D2 /* RunnerTestingPackage.docc in Sources */ = {isa = PBXBuildFile; fileRef = 22C586652A865A9300EAE4D2 /* RunnerTestingPackage.docc */; };
		22C5866C2A865A9300EAE4D2 /* RunnerTestingPackage.framework in Frameworks */ = {isa = PBXBuildFile; fileRef = 22C586612A865A9300EAE4D2 /* RunnerTestingPackage.framework */; };
		22C586712A865A9300EAE4D2 /* RunnerTestingPackageTests.swift in Sources */ = {isa = PBXBuildFile; fileRef = 22C586702A865A9300EAE4D2 /* RunnerTestingPackageTests.swift */; };
		22C586722A865A9300EAE4D2 /* RunnerTestingPackage.h in Headers */ = {isa = PBXBuildFile; fileRef = 22C586642A865A9300EAE4D2 /* RunnerTestingPackage.h */; settings = {ATTRIBUTES = (Public, ); }; };
/* End PBXBuildFile section */

/* Begin PBXContainerItemProxy section */
		22C5866D2A865A9300EAE4D2 /* PBXContainerItemProxy */ = {
			isa = PBXContainerItemProxy;
			containerPortal = 22C586582A865A9300EAE4D2 /* Project object */;
			proxyType = 1;
			remoteGlobalIDString = 22C586602A865A9300EAE4D2;
			remoteInfo = RunnerTestingPackage;
		};
/* End PBXContainerItemProxy section */

/* Begin PBXFileReference section */
		22C586612A865A9300EAE4D2 /* RunnerTestingPackage.framework */ = {isa = PBXFileReference; explicitFileType = wrapper.framework; includeInIndex = 0; path = RunnerTestingPackage.framework; sourceTree = BUILT_PRODUCTS_DIR; };
		22C586642A865A9300EAE4D2 /* RunnerTestingPackage.h */ = {isa = PBXFileReference; lastKnownFileType = sourcecode.c.h; path = RunnerTestingPackage.h; sourceTree = "<group>"; };
		22C586652A865A9300EAE4D2 /* RunnerTestingPackage.docc */ = {isa = PBXFileReference; lastKnownFileType = folder.documentationcatalog; path = RunnerTestingPackage.docc; sourceTree = "<group>"; };
		22C5866B2A865A9300EAE4D2 /* RunnerTestingPackageTests.xctest */ = {isa = PBXFileReference; explicitFileType = wrapper.cfbundle; includeInIndex = 0; path = RunnerTestingPackageTests.xctest; sourceTree = BUILT_PRODUCTS_DIR; };
		22C586702A865A9300EAE4D2 /* RunnerTestingPackageTests.swift */ = {isa = PBXFileReference; lastKnownFileType = sourcecode.swift; path = RunnerTestingPackageTests.swift; sourceTree = "<group>"; };
/* End PBXFileReference section */

/* Begin PBXFrameworksBuildPhase section */
		22C5865E2A865A9300EAE4D2 /* Frameworks */ = {
			isa = PBXFrameworksBuildPhase;
			buildActionMask = 2147483647;
			files = (
			);
			runOnlyForDeploymentPostprocessing = 0;
		};
		22C586682A865A9300EAE4D2 /* Frameworks */ = {
			isa = PBXFrameworksBuildPhase;
			buildActionMask = 2147483647;
			files = (
				22C5866C2A865A9300EAE4D2 /* RunnerTestingPackage.framework in Frameworks */,
			);
			runOnlyForDeploymentPostprocessing = 0;
		};
/* End PBXFrameworksBuildPhase section */

/* Begin PBXGroup section */
		22C586572A865A9300EAE4D2 = {
			isa = PBXGroup;
			children = (
				22C586632A865A9300EAE4D2 /* RunnerTestingPackage */,
				22C5866F2A865A9300EAE4D2 /* RunnerTestingPackageTests */,
				22C586622A865A9300EAE4D2 /* Products */,
			);
			sourceTree = "<group>";
		};
		22C586622A865A9300EAE4D2 /* Products */ = {
			isa = PBXGroup;
			children = (
				22C586612A865A9300EAE4D2 /* RunnerTestingPackage.framework */,
				22C5866B2A865A9300EAE4D2 /* RunnerTestingPackageTests.xctest */,
			);
			name = Products;
			sourceTree = "<group>";
		};
		22C586632A865A9300EAE4D2 /* RunnerTestingPackage */ = {
			isa = PBXGroup;
			children = (
				22C586642A865A9300EAE4D2 /* RunnerTestingPackage.h */,
				22C586652A865A9300EAE4D2 /* RunnerTestingPackage.docc */,
			);
			path = RunnerTestingPackage;
			sourceTree = "<group>";
		};
		22C5866F2A865A9300EAE4D2 /* RunnerTestingPackageTests */ = {
			isa = PBXGroup;
			children = (
				22C586702A865A9300EAE4D2 /* RunnerTestingPackageTests.swift */,
			);
			path = RunnerTestingPackageTests;
			sourceTree = "<group>";
		};
/* End PBXGroup section */

/* Begin PBXHeadersBuildPhase section */
		22C5865C2A865A9300EAE4D2 /* Headers */ = {
			isa = PBXHeadersBuildPhase;
			buildActionMask = 2147483647;
			files = (
				22C586722A865A9300EAE4D2 /* RunnerTestingPackage.h in Headers */,
			);
			runOnlyForDeploymentPostprocessing = 0;
		};
/* End PBXHeadersBuildPhase section */

/* Begin PBXNativeTarget section */
		22C586602A865A9300EAE4D2 /* RunnerTestingPackage */ = {
			isa = PBXNativeTarget;
			buildConfigurationList = 22C586752A865A9300EAE4D2 /* Build configuration list for PBXNativeTarget "RunnerTestingPackage" */;
			buildPhases = (
				22C5865C2A865A9300EAE4D2 /* Headers */,
				22C5865D2A865A9300EAE4D2 /* Sources */,
				22C5865E2A865A9300EAE4D2 /* Frameworks */,
				22C5865F2A865A9300EAE4D2 /* Resources */,
			);
			buildRules = (
			);
			dependencies = (
			);
			name = RunnerTestingPackage;
			productName = RunnerTestingPackage;
			productReference = 22C586612A865A9300EAE4D2 /* RunnerTestingPackage.framework */;
			productType = "com.apple.product-type.framework";
		};
		22C5866A2A865A9300EAE4D2 /* RunnerTestingPackageTests */ = {
			isa = PBXNativeTarget;
			buildConfigurationList = 22C586782A865A9300EAE4D2 /* Build configuration list for PBXNativeTarget "RunnerTestingPackageTests" */;
			buildPhases = (
				22C586672A865A9300EAE4D2 /* Sources */,
				22C586682A865A9300EAE4D2 /* Frameworks */,
				22C586692A865A9300EAE4D2 /* Resources */,
			);
			buildRules = (
			);
			dependencies = (
				22C5866E2A865A9300EAE4D2 /* PBXTargetDependency */,
			);
			name = RunnerTestingPackageTests;
			productName = RunnerTestingPackageTests;
			productReference = 22C5866B2A865A9300EAE4D2 /* RunnerTestingPackageTests.xctest */;
			productType = "com.apple.product-type.bundle.unit-test";
		};
/* End PBXNativeTarget section */

/* Begin PBXProject section */
		22C586582A865A9300EAE4D2 /* Project object */ = {
			isa = PBXProject;
			attributes = {
				BuildIndependentTargetsInParallel = 1;
				LastSwiftUpdateCheck = 1420;
				LastUpgradeCheck = 1420;
				TargetAttributes = {
					22C586602A865A9300EAE4D2 = {
						CreatedOnToolsVersion = 14.2;
					};
					22C5866A2A865A9300EAE4D2 = {
						CreatedOnToolsVersion = 14.2;
					};
				};
			};
			buildConfigurationList = 22C5865B2A865A9300EAE4D2 /* Build configuration list for PBXProject "RunnerTestingPackage" */;
			compatibilityVersion = "Xcode 14.0";
			developmentRegion = en;
			hasScannedForEncodings = 0;
			knownRegions = (
				en,
				Base,
			);
			mainGroup = 22C586572A865A9300EAE4D2;
			productRefGroup = 22C586622A865A9300EAE4D2 /* Products */;
			projectDirPath = "";
			projectRoot = "";
			targets = (
				22C586602A865A9300EAE4D2 /* RunnerTestingPackage */,
				22C5866A2A865A9300EAE4D2 /* RunnerTestingPackageTests */,
			);
		};
/* End PBXProject section */

/* Begin PBXResourcesBuildPhase section */
		22C5865F2A865A9300EAE4D2 /* Resources */ = {
			isa = PBXResourcesBuildPhase;
			buildActionMask = 2147483647;
			files = (
			);
			runOnlyForDeploymentPostprocessing = 0;
		};
		22C586692A865A9300EAE4D2 /* Resources */ = {
			isa = PBXResourcesBuildPhase;
			buildActionMask = 2147483647;
			files = (
			);
			runOnlyForDeploymentPostprocessing = 0;
		};
/* End PBXResourcesBuildPhase section */

/* Begin PBXSourcesBuildPhase section */
		22C5865D2A865A9300EAE4D2 /* Sources */ = {
			isa = PBXSourcesBuildPhase;
			buildActionMask = 2147483647;
			files = (
				22C586662A865A9300EAE4D2 /* RunnerTestingPackage.docc in Sources */,
			);
			runOnlyForDeploymentPostprocessing = 0;
		};
		22C586672A865A9300EAE4D2 /* Sources */ = {
			isa = PBXSourcesBuildPhase;
			buildActionMask = 2147483647;
			files = (
				22C586712A865A9300EAE4D2 /* RunnerTestingPackageTests.swift in Sources */,
			);
			runOnlyForDeploymentPostprocessing = 0;
		};
/* End PBXSourcesBuildPhase section */

/* Begin PBXTargetDependency section */
		22C5866E2A865A9300EAE4D2 /* PBXTargetDependency */ = {
			isa = PBXTargetDependency;
			target = 22C586602A865A9300EAE4D2 /* RunnerTestingPackage */;
			targetProxy = 22C5866D2A865A9300EAE4D2 /* PBXContainerItemProxy */;
		};
/* End PBXTargetDependency section */

/* Begin XCBuildConfiguration section */
		22C586732A865A9300EAE4D2 /* Debug */ = {
			isa = XCBuildConfiguration;
			buildSettings = {
				ALWAYS_SEARCH_USER_PATHS = NO;
				CLANG_ANALYZER_NONNULL = YES;
				CLANG_ANALYZER_NUMBER_OBJECT_CONVERSION = YES_AGGRESSIVE;
				CLANG_CXX_LANGUAGE_STANDARD = "gnu++20";
				CLANG_ENABLE_MODULES = YES;
				CLANG_ENABLE_OBJC_ARC = YES;
				CLANG_ENABLE_OBJC_WEAK = YES;
				CLANG_WARN_BLOCK_CAPTURE_AUTORELEASING = YES;
				CLANG_WARN_BOOL_CONVERSION = YES;
				CLANG_WARN_COMMA = YES;
				CLANG_WARN_CONSTANT_CONVERSION = YES;
				CLANG_WARN_DEPRECATED_OBJC_IMPLEMENTATIONS = YES;
				CLANG_WARN_DIRECT_OBJC_ISA_USAGE = YES_ERROR;
				CLANG_WARN_DOCUMENTATION_COMMENTS = YES;
				CLANG_WARN_EMPTY_BODY = YES;
				CLANG_WARN_ENUM_CONVERSION = YES;
				CLANG_WARN_INFINITE_RECURSION = YES;
				CLANG_WARN_INT_CONVERSION = YES;
				CLANG_WARN_NON_LITERAL_NULL_CONVERSION = YES;
				CLANG_WARN_OBJC_IMPLICIT_RETAIN_SELF = YES;
				CLANG_WARN_OBJC_LITERAL_CONVERSION = YES;
				CLANG_WARN_OBJC_ROOT_CLASS = YES_ERROR;
				CLANG_WARN_QUOTED_INCLUDE_IN_FRAMEWORK_HEADER = YES;
				CLANG_WARN_RANGE_LOOP_ANALYSIS = YES;
				CLANG_WARN_STRICT_PROTOTYPES = YES;
				CLANG_WARN_SUSPICIOUS_MOVE = YES;
				CLANG_WARN_UNGUARDED_AVAILABILITY = YES_AGGRESSIVE;
				CLANG_WARN_UNREACHABLE_CODE = YES;
				CLANG_WARN__DUPLICATE_METHOD_MATCH = YES;
				COPY_PHASE_STRIP = NO;
				CURRENT_PROJECT_VERSION = 1;
				DEBUG_INFORMATION_FORMAT = dwarf;
				ENABLE_STRICT_OBJC_MSGSEND = YES;
				ENABLE_TESTABILITY = YES;
				GCC_C_LANGUAGE_STANDARD = gnu11;
				GCC_DYNAMIC_NO_PIC = NO;
				GCC_NO_COMMON_BLOCKS = YES;
				GCC_OPTIMIZATION_LEVEL = 0;
				GCC_PREPROCESSOR_DEFINITIONS = (
					"DEBUG=1",
					"$(inherited)",
				);
				GCC_WARN_64_TO_32_BIT_CONVERSION = YES;
				GCC_WARN_ABOUT_RETURN_TYPE = YES_ERROR;
				GCC_WARN_UNDECLARED_SELECTOR = YES;
				GCC_WARN_UNINITIALIZED_AUTOS = YES_AGGRESSIVE;
				GCC_WARN_UNUSED_FUNCTION = YES;
				GCC_WARN_UNUSED_VARIABLE = YES;
				IPHONEOS_DEPLOYMENT_TARGET = 16.2;
				MTL_ENABLE_DEBUG_INFO = INCLUDE_SOURCE;
				MTL_FAST_MATH = YES;
				ONLY_ACTIVE_ARCH = YES;
				SDKROOT = iphoneos;
				SWIFT_ACTIVE_COMPILATION_CONDITIONS = DEBUG;
				SWIFT_OPTIMIZATION_LEVEL = "-Onone";
				VERSIONING_SYSTEM = "apple-generic";
				VERSION_INFO_PREFIX = "";
			};
			name = Debug;
		};
		22C586742A865A9300EAE4D2 /* Release */ = {
			isa = XCBuildConfiguration;
			buildSettings = {
				ALWAYS_SEARCH_USER_PATHS = NO;
				CLANG_ANALYZER_NONNULL = YES;
				CLANG_ANALYZER_NUMBER_OBJECT_CONVERSION = YES_AGGRESSIVE;
				CLANG_CXX_LANGUAGE_STANDARD = "gnu++20";
				CLANG_ENABLE_MODULES = YES;
				CLANG_ENABLE_OBJC_ARC = YES;
				CLANG_ENABLE_OBJC_WEAK = YES;
				CLANG_WARN_BLOCK_CAPTURE_AUTORELEASING = YES;
				CLANG_WARN_BOOL_CONVERSION = YES;
				CLANG_WARN_COMMA = YES;
				CLANG_WARN_CONSTANT_CONVERSION = YES;
				CLANG_WARN_DEPRECATED_OBJC_IMPLEMENTATIONS = YES;
				CLANG_WARN_DIRECT_OBJC_ISA_USAGE = YES_ERROR;
				CLANG_WARN_DOCUMENTATION_COMMENTS = YES;
				CLANG_WARN_EMPTY_BODY = YES;
				CLANG_WARN_ENUM_CONVERSION = YES;
				CLANG_WARN_INFINITE_RECURSION = YES;
				CLANG_WARN_INT_CONVERSION = YES;
				CLANG_WARN_NON_LITERAL_NULL_CONVERSION = YES;
				CLANG_WARN_OBJC_IMPLICIT_RETAIN_SELF = YES;
				CLANG_WARN_OBJC_LITERAL_CONVERSION = YES;
				CLANG_WARN_OBJC_ROOT_CLASS = YES_ERROR;
				CLANG_WARN_QUOTED_INCLUDE_IN_FRAMEWORK_HEADER = YES;
				CLANG_WARN_RANGE_LOOP_ANALYSIS = YES;
				CLANG_WARN_STRICT_PROTOTYPES = YES;
				CLANG_WARN_SUSPICIOUS_MOVE = YES;
				CLANG_WARN_UNGUARDED_AVAILABILITY = YES_AGGRESSIVE;
				CLANG_WARN_UNREACHABLE_CODE = YES;
				CLANG_WARN__DUPLICATE_METHOD_MATCH = YES;
				COPY_PHASE_STRIP = NO;
				CURRENT_PROJECT_VERSION = 1;
				DEBUG_INFORMATION_FORMAT = "dwarf-with-dsym";
				ENABLE_NS_ASSERTIONS = NO;
				ENABLE_STRICT_OBJC_MSGSEND = YES;
				GCC_C_LANGUAGE_STANDARD = gnu11;
				GCC_NO_COMMON_BLOCKS = YES;
				GCC_WARN_64_TO_32_BIT_CONVERSION = YES;
				GCC_WARN_ABOUT_RETURN_TYPE = YES_ERROR;
				GCC_WARN_UNDECLARED_SELECTOR = YES;
				GCC_WARN_UNINITIALIZED_AUTOS = YES_AGGRESSIVE;
				GCC_WARN_UNUSED_FUNCTION = YES;
				GCC_WARN_UNUSED_VARIABLE = YES;
				IPHONEOS_DEPLOYMENT_TARGET = 16.2;
				MTL_ENABLE_DEBUG_INFO = NO;
				MTL_FAST_MATH = YES;
				SDKROOT = iphoneos;
				SWIFT_COMPILATION_MODE = wholemodule;
				SWIFT_OPTIMIZATION_LEVEL = "-O";
				VALIDATE_PRODUCT = YES;
				VERSIONING_SYSTEM = "apple-generic";
				VERSION_INFO_PREFIX = "";
			};
			name = Release;
		};
		22C586762A865A9300EAE4D2 /* Debug */ = {
			isa = XCBuildConfiguration;
			buildSettings = {
				CODE_SIGN_STYLE = Automatic;
				CURRENT_PROJECT_VERSION = 1;
				DEFINES_MODULE = YES;
				DEVELOPMENT_TEAM = 7423W9V4WF;
				DYLIB_COMPATIBILITY_VERSION = 1;
				DYLIB_CURRENT_VERSION = 1;
				DYLIB_INSTALL_NAME_BASE = "@rpath";
				GENERATE_INFOPLIST_FILE = YES;
				INFOPLIST_KEY_NSHumanReadableCopyright = "";
				INSTALL_PATH = "$(LOCAL_LIBRARY_DIR)/Frameworks";
				LD_RUNPATH_SEARCH_PATHS = (
					"$(inherited)",
					"@executable_path/Frameworks",
					"@loader_path/Frameworks",
				);
				MARKETING_VERSION = 1.0;
				PRODUCT_BUNDLE_IDENTIFIER = com.sportybet.RunnerTestingPackage;
				PRODUCT_NAME = "$(TARGET_NAME:c99extidentifier)";
				SKIP_INSTALL = YES;
				SWIFT_EMIT_LOC_STRINGS = YES;
				SWIFT_VERSION = 5.0;
				TARGETED_DEVICE_FAMILY = "1,2";
			};
			name = Debug;
		};
		22C586772A865A9300EAE4D2 /* Release */ = {
			isa = XCBuildConfiguration;
			buildSettings = {
				CODE_SIGN_STYLE = Automatic;
				CURRENT_PROJECT_VERSION = 1;
				DEFINES_MODULE = YES;
				DEVELOPMENT_TEAM = 7423W9V4WF;
				DYLIB_COMPATIBILITY_VERSION = 1;
				DYLIB_CURRENT_VERSION = 1;
				DYLIB_INSTALL_NAME_BASE = "@rpath";
				GENERATE_INFOPLIST_FILE = YES;
				INFOPLIST_KEY_NSHumanReadableCopyright = "";
				INSTALL_PATH = "$(LOCAL_LIBRARY_DIR)/Frameworks";
				LD_RUNPATH_SEARCH_PATHS = (
					"$(inherited)",
					"@executable_path/Frameworks",
					"@loader_path/Frameworks",
				);
				MARKETING_VERSION = 1.0;
				PRODUCT_BUNDLE_IDENTIFIER = com.sportybet.RunnerTestingPackage;
				PRODUCT_NAME = "$(TARGET_NAME:c99extidentifier)";
				SKIP_INSTALL = YES;
				SWIFT_EMIT_LOC_STRINGS = YES;
				SWIFT_VERSION = 5.0;
				TARGETED_DEVICE_FAMILY = "1,2";
			};
			name = Release;
		};
		22C586792A865A9300EAE4D2 /* Debug */ = {
			isa = XCBuildConfiguration;
			buildSettings = {
				CODE_SIGN_STYLE = Automatic;
				CURRENT_PROJECT_VERSION = 1;
				DEVELOPMENT_TEAM = 7423W9V4WF;
				GENERATE_INFOPLIST_FILE = YES;
				MARKETING_VERSION = 1.0;
				PRODUCT_BUNDLE_IDENTIFIER = com.sportybet.RunnerTestingPackageTests;
				PRODUCT_NAME = "$(TARGET_NAME)";
				SWIFT_EMIT_LOC_STRINGS = NO;
				SWIFT_VERSION = 5.0;
				TARGETED_DEVICE_FAMILY = "1,2";
			};
			name = Debug;
		};
		22C5867A2A865A9300EAE4D2 /* Release */ = {
			isa = XCBuildConfiguration;
			buildSettings = {
				CODE_SIGN_STYLE = Automatic;
				CURRENT_PROJECT_VERSION = 1;
				DEVELOPMENT_TEAM = 7423W9V4WF;
				GENERATE_INFOPLIST_FILE = YES;
				MARKETING_VERSION = 1.0;
				PRODUCT_BUNDLE_IDENTIFIER = com.sportybet.RunnerTestingPackageTests;
				PRODUCT_NAME = "$(TARGET_NAME)";
				SWIFT_EMIT_LOC_STRINGS = NO;
				SWIFT_VERSION = 5.0;
				TARGETED_DEVICE_FAMILY = "1,2";
			};
			name = Release;
		};
/* End XCBuildConfiguration section */

/* Begin XCConfigurationList section */
		22C5865B2A865A9300EAE4D2 /* Build configuration list for PBXProject "RunnerTestingPackage" */ = {
			isa = XCConfigurationList;
			buildConfigurations = (
				22C586732A865A9300EAE4D2 /* Debug */,
				22C586742A865A9300EAE4D2 /* Release */,
			);
			defaultConfigurationIsVisible = 0;
			defaultConfigurationName = Release;
		};
		22C586752A865A9300EAE4D2 /* Build configuration list for PBXNativeTarget "RunnerTestingPackage" */ = {
			isa = XCConfigurationList;
			buildConfigurations = (
				22C586762A865A9300EAE4D2 /* Debug */,
				22C586772A865A9300EAE4D2 /* Release */,
			);
			defaultConfigurationIsVisible = 0;
			defaultConfigurationName = Release;
		};
		22C586782A865A9300EAE4D2 /* Build configuration list for PBXNativeTarget "RunnerTestingPackageTests" */ = {
			isa = XCConfigurationList;
			buildConfigurations = (
				22C586792A865A9300EAE4D2 /* Debug */,
				22C5867A2A865A9300EAE4D2 /* Release */,
			);
			defaultConfigurationIsVisible = 0;
			defaultConfigurationName = Release;
		};
/* End XCConfigurationList section */
	};
	rootObject = 22C586582A865A9300EAE4D2 /* Project object */;
}
